
Microsoft Visual Studio Solution File, Format Version 12.00
# Visual Studio Version 17
VisualStudioVersion = 17.4.33205.214
MinimumVisualStudioVersion = 10.0.40219.1
Project("{FAE04EC0-301F-11D3-BF4B-00C04F79EFBC}") = "Paper-rocks-scissors", "Paper-rocks-scissors\Paper-rocks-scissors.csproj", "{F7993D54-B04F-4621-920D-E6B974416764}"
EndProject
Global
	GlobalSection(SolutionConfigurationPlatforms) = preSolution
		Debug|Any CPU = Debug|Any CPU
		Release|Any CPU = Release|Any CPU
	EndGlobalSection
	GlobalSection(ProjectConfigurationPlatforms) = postSolution
		{F7993D54-B04F-4621-920D-E6B974416764}.Debug|Any CPU.ActiveCfg = Debug|Any CPU
		{F7993D54-B04F-4621-920D-E6B974416764}.Debug|Any CPU.Build.0 = Debug|Any CPU
		{F7993D54-B04F-4621-920D-E6B974416764}.Release|Any CPU.ActiveCfg = Release|Any CPU
		{F7993D54-B04F-4621-920D-E6B974416764}.Release|Any CPU.Build.0 = Release|Any CPU
	EndGlobalSection
	GlobalSection(SolutionProperties) = preSolution
		HideSolutionNode = FALSE
	EndGlobalSection
	GlobalSection(ExtensibilityGlobals) = postSolution
		SolutionGuid = {4BBE7328-5F23-4DD6-AA26-F1FFF7F711E3}
	EndGlobalSection
EndGlobal
